
Microsoft Visual Studio Solution File, Format Version 12.00
# Visual Studio 14
VisualStudioVersion = 14.0.25420.1
MinimumVisualStudioVersion = 10.0.40219.1
Project("{2150E333-8FDC-42A3-9474-1A3956D46DE8}") = "Documents", "Documents", "{E768EE25-8180-4CAA-88F4-B9C8A5E16E66}"
	ProjectSection(SolutionItems) = preProject
		license.txt = license.txt
		Release notes.txt = Release notes.txt
		Roadmap.txt = Roadmap.txt
	EndProjectSection
EndProject
Project("{FAE04EC0-301F-11D3-BF4B-00C04F79EFBC}") = "SecurityHeadersMiddleware", "src\OwinContrib.SecurityHeaders\SecurityHeadersMiddleware.csproj", "{53953109-6B63-4A49-BDA3-EB78E1506FA9}"
EndProject
Project("{FAE04EC0-301F-11D3-BF4B-00C04F79EFBC}") = "SecurityHeadersMiddleware.Tests", "src\OwinContrib.SecurityHeaders.Tests\SecurityHeadersMiddleware.Tests.csproj", "{753D4EEA-13E5-429B-93AC-4A7E7A1FACD3}"
EndProject
Project("{FAE04EC0-301F-11D3-BF4B-00C04F79EFBC}") = "SecurityHeadersMiddleware.OwinAppBuilder", "src\SecurityHeadersMiddleware.OwinAppBuilder\SecurityHeadersMiddleware.OwinAppBuilder.csproj", "{D3381FFC-FFA0-478D-9708-199E2F9789F5}"
EndProject
Project("{2150E333-8FDC-42A3-9474-1A3956D46DE8}") = "Solution Items", "Solution Items", "{9795E771-F940-4C4F-AAD8-7638AA405C09}"
	ProjectSection(SolutionItems) = preProject
		global.json = global.json
		src\SharedAssemblyInfo.cs = src\SharedAssemblyInfo.cs
	EndProjectSection
EndProject
Project("{FAE04EC0-301F-11D3-BF4B-00C04F79EFBC}") = "SecurityHeadersMiddleware.Examples", "src\SecurityHeadersMiddleware.Examples\SecurityHeadersMiddleware.Examples.csproj", "{75703E81-F232-4F6B-ACCA-7D39F9B44ABF}"
EndProject
Project("{2150E333-8FDC-42A3-9474-1A3956D46DE8}") = ".nuget", ".nuget", "{707156A5-7AE4-461D-9764-48B4B7700F49}"
EndProject
Project("{FAE04EC0-301F-11D3-BF4B-00C04F79EFBC}") = "SecurityHeadersMiddleware.PerformanceTests", "src\SecurityHeadersMiddleware.PerformanceTests\SecurityHeadersMiddleware.PerformanceTests.csproj", "{6948B148-499B-4D14-B4CA-D3268D6E2A95}"
EndProject
Project("{8BB2217D-0F2D-49D1-97BC-3654ED321F3B}") = "SecurityHeaders", "src\SecurityHeaders\SecurityHeaders.xproj", "{A4C3A3C7-DED1-4DFA-8BC8-599AB2F0203B}"
EndProject
Project("{8BB2217D-0F2D-49D1-97BC-3654ED321F3B}") = "SecurityHeaders.Tests", "src\SecurityHeaders.Tests\SecurityHeaders.Tests.xproj", "{210C159C-C33C-46A5-A73E-84A8358B8612}"
EndProject
Project("{8BB2217D-0F2D-49D1-97BC-3654ED321F3B}") = "SecurityHeaders.Owin", "src\SecurityHeaders.Owin\SecurityHeaders.Owin.xproj", "{0E454C45-77BB-43A8-AA6E-8CBCDE21DCA6}"
EndProject
Project("{8BB2217D-0F2D-49D1-97BC-3654ED321F3B}") = "SecurityHeaders.AspNetCore.Tests", "src\SecurityHeaders.AspNetCore.Tests\SecurityHeaders.AspNetCore.Tests.xproj", "{A82661B7-987C-48A9-B329-70F531A92568}"
EndProject
Project("{8BB2217D-0F2D-49D1-97BC-3654ED321F3B}") = "SecurityHeaders.AspNetCore", "src\SecurityHeaders.AspNetCore\SecurityHeaders.AspNetCore.xproj", "{FB15EE99-EFCD-4022-8418-02356B2C0716}"
EndProject
Project("{8BB2217D-0F2D-49D1-97BC-3654ED321F3B}") = "SecurityHeaders.Owin.AppBuilder", "src\SecurityHeaders.Owin.AppBuilder\SecurityHeaders.Owin.AppBuilder.xproj", "{9224C7F0-0204-4AEF-985F-A00CA1AECA48}"
EndProject
Project("{FAE04EC0-301F-11D3-BF4B-00C04F79EFBC}") = "SecurityHeaders.Owin.Tests", "src\SecurityHeaders.Owin.Tests\SecurityHeaders.Owin.Tests.csproj", "{3D9B02A8-A333-4587-A9DF-D1499C39C79B}"
EndProject
Project("{8BB2217D-0F2D-49D1-97BC-3654ED321F3B}") = "SecurityHeaders.Owin.Examples", "src\SecurityHeaders.Owin.Examples\SecurityHeaders.Owin.Examples.xproj", "{32E9174C-3325-4518-9CCE-39440F7FBB9A}"
EndProject
Project("{8BB2217D-0F2D-49D1-97BC-3654ED321F3B}") = "SecurityHeaders.AspNetCore.Examples", "src\SecurityHeaders.AspNetCore.Examples\SecurityHeaders.AspNetCore.Examples.xproj", "{A6C35FED-4970-4A23-B64B-2627BE9B9ECB}"
EndProject
Project("{8BB2217D-0F2D-49D1-97BC-3654ED321F3B}") = "SecurityHeaders.Owin.AppBuilder.Examples", "src\SecurityHeaders.Owin.AppBuilder.Examples\SecurityHeaders.Owin.AppBuilder.Examples.xproj", "{7BCFD866-C316-4047-8C14-42AA15A48943}"
EndProject
Global
	GlobalSection(SolutionConfigurationPlatforms) = preSolution
		Debug|Any CPU = Debug|Any CPU
		Release|Any CPU = Release|Any CPU
	EndGlobalSection
	GlobalSection(ProjectConfigurationPlatforms) = postSolution
		{53953109-6B63-4A49-BDA3-EB78E1506FA9}.Debug|Any CPU.ActiveCfg = Debug|Any CPU
		{53953109-6B63-4A49-BDA3-EB78E1506FA9}.Debug|Any CPU.Build.0 = Debug|Any CPU
		{53953109-6B63-4A49-BDA3-EB78E1506FA9}.Release|Any CPU.ActiveCfg = Release|Any CPU
		{53953109-6B63-4A49-BDA3-EB78E1506FA9}.Release|Any CPU.Build.0 = Release|Any CPU
		{753D4EEA-13E5-429B-93AC-4A7E7A1FACD3}.Debug|Any CPU.ActiveCfg = Debug|Any CPU
		{753D4EEA-13E5-429B-93AC-4A7E7A1FACD3}.Debug|Any CPU.Build.0 = Debug|Any CPU
		{753D4EEA-13E5-429B-93AC-4A7E7A1FACD3}.Release|Any CPU.ActiveCfg = Release|Any CPU
		{753D4EEA-13E5-429B-93AC-4A7E7A1FACD3}.Release|Any CPU.Build.0 = Release|Any CPU
		{D3381FFC-FFA0-478D-9708-199E2F9789F5}.Debug|Any CPU.ActiveCfg = Debug|Any CPU
		{D3381FFC-FFA0-478D-9708-199E2F9789F5}.Debug|Any CPU.Build.0 = Debug|Any CPU
		{D3381FFC-FFA0-478D-9708-199E2F9789F5}.Release|Any CPU.ActiveCfg = Release|Any CPU
		{D3381FFC-FFA0-478D-9708-199E2F9789F5}.Release|Any CPU.Build.0 = Release|Any CPU
		{75703E81-F232-4F6B-ACCA-7D39F9B44ABF}.Debug|Any CPU.ActiveCfg = Debug|Any CPU
		{75703E81-F232-4F6B-ACCA-7D39F9B44ABF}.Debug|Any CPU.Build.0 = Debug|Any CPU
		{75703E81-F232-4F6B-ACCA-7D39F9B44ABF}.Release|Any CPU.ActiveCfg = Release|Any CPU
		{75703E81-F232-4F6B-ACCA-7D39F9B44ABF}.Release|Any CPU.Build.0 = Release|Any CPU
		{6948B148-499B-4D14-B4CA-D3268D6E2A95}.Debug|Any CPU.ActiveCfg = Debug|Any CPU
		{6948B148-499B-4D14-B4CA-D3268D6E2A95}.Debug|Any CPU.Build.0 = Debug|Any CPU
		{6948B148-499B-4D14-B4CA-D3268D6E2A95}.Release|Any CPU.ActiveCfg = Release|Any CPU
		{6948B148-499B-4D14-B4CA-D3268D6E2A95}.Release|Any CPU.Build.0 = Release|Any CPU
		{A4C3A3C7-DED1-4DFA-8BC8-599AB2F0203B}.Debug|Any CPU.ActiveCfg = Debug|Any CPU
		{A4C3A3C7-DED1-4DFA-8BC8-599AB2F0203B}.Debug|Any CPU.Build.0 = Debug|Any CPU
		{A4C3A3C7-DED1-4DFA-8BC8-599AB2F0203B}.Release|Any CPU.ActiveCfg = Release|Any CPU
		{A4C3A3C7-DED1-4DFA-8BC8-599AB2F0203B}.Release|Any CPU.Build.0 = Release|Any CPU
		{210C159C-C33C-46A5-A73E-84A8358B8612}.Debug|Any CPU.ActiveCfg = Debug|Any CPU
		{210C159C-C33C-46A5-A73E-84A8358B8612}.Debug|Any CPU.Build.0 = Debug|Any CPU
		{210C159C-C33C-46A5-A73E-84A8358B8612}.Release|Any CPU.ActiveCfg = Release|Any CPU
		{210C159C-C33C-46A5-A73E-84A8358B8612}.Release|Any CPU.Build.0 = Release|Any CPU
		{0E454C45-77BB-43A8-AA6E-8CBCDE21DCA6}.Debug|Any CPU.ActiveCfg = Debug|Any CPU
		{0E454C45-77BB-43A8-AA6E-8CBCDE21DCA6}.Debug|Any CPU.Build.0 = Debug|Any CPU
		{0E454C45-77BB-43A8-AA6E-8CBCDE21DCA6}.Release|Any CPU.ActiveCfg = Release|Any CPU
		{0E454C45-77BB-43A8-AA6E-8CBCDE21DCA6}.Release|Any CPU.Build.0 = Release|Any CPU
		{A82661B7-987C-48A9-B329-70F531A92568}.Debug|Any CPU.ActiveCfg = Debug|Any CPU
		{A82661B7-987C-48A9-B329-70F531A92568}.Debug|Any CPU.Build.0 = Debug|Any CPU
		{A82661B7-987C-48A9-B329-70F531A92568}.Release|Any CPU.ActiveCfg = Release|Any CPU
		{A82661B7-987C-48A9-B329-70F531A92568}.Release|Any CPU.Build.0 = Release|Any CPU
		{FB15EE99-EFCD-4022-8418-02356B2C0716}.Debug|Any CPU.ActiveCfg = Debug|Any CPU
		{FB15EE99-EFCD-4022-8418-02356B2C0716}.Debug|Any CPU.Build.0 = Debug|Any CPU
		{FB15EE99-EFCD-4022-8418-02356B2C0716}.Release|Any CPU.ActiveCfg = Release|Any CPU
		{FB15EE99-EFCD-4022-8418-02356B2C0716}.Release|Any CPU.Build.0 = Release|Any CPU
		{9224C7F0-0204-4AEF-985F-A00CA1AECA48}.Debug|Any CPU.ActiveCfg = Debug|Any CPU
		{9224C7F0-0204-4AEF-985F-A00CA1AECA48}.Debug|Any CPU.Build.0 = Debug|Any CPU
		{9224C7F0-0204-4AEF-985F-A00CA1AECA48}.Release|Any CPU.ActiveCfg = Release|Any CPU
		{9224C7F0-0204-4AEF-985F-A00CA1AECA48}.Release|Any CPU.Build.0 = Release|Any CPU
		{3D9B02A8-A333-4587-A9DF-D1499C39C79B}.Debug|Any CPU.ActiveCfg = Debug|Any CPU
		{3D9B02A8-A333-4587-A9DF-D1499C39C79B}.Debug|Any CPU.Build.0 = Debug|Any CPU
		{3D9B02A8-A333-4587-A9DF-D1499C39C79B}.Release|Any CPU.ActiveCfg = Release|Any CPU
		{3D9B02A8-A333-4587-A9DF-D1499C39C79B}.Release|Any CPU.Build.0 = Release|Any CPU
		{32E9174C-3325-4518-9CCE-39440F7FBB9A}.Debug|Any CPU.ActiveCfg = Debug|Any CPU
		{32E9174C-3325-4518-9CCE-39440F7FBB9A}.Debug|Any CPU.Build.0 = Debug|Any CPU
		{32E9174C-3325-4518-9CCE-39440F7FBB9A}.Release|Any CPU.ActiveCfg = Release|Any CPU
		{32E9174C-3325-4518-9CCE-39440F7FBB9A}.Release|Any CPU.Build.0 = Release|Any CPU
		{A6C35FED-4970-4A23-B64B-2627BE9B9ECB}.Debug|Any CPU.ActiveCfg = Debug|Any CPU
		{A6C35FED-4970-4A23-B64B-2627BE9B9ECB}.Debug|Any CPU.Build.0 = Debug|Any CPU
		{A6C35FED-4970-4A23-B64B-2627BE9B9ECB}.Release|Any CPU.ActiveCfg = Release|Any CPU
		{A6C35FED-4970-4A23-B64B-2627BE9B9ECB}.Release|Any CPU.Build.0 = Release|Any CPU
		{7BCFD866-C316-4047-8C14-42AA15A48943}.Debug|Any CPU.ActiveCfg = Debug|Any CPU
		{7BCFD866-C316-4047-8C14-42AA15A48943}.Debug|Any CPU.Build.0 = Debug|Any CPU
		{7BCFD866-C316-4047-8C14-42AA15A48943}.Release|Any CPU.ActiveCfg = Release|Any CPU
		{7BCFD866-C316-4047-8C14-42AA15A48943}.Release|Any CPU.Build.0 = Release|Any CPU
	EndGlobalSection
	GlobalSection(SolutionProperties) = preSolution
		HideSolutionNode = FALSE
	EndGlobalSection
EndGlobal
