
Microsoft Visual Studio Solution File, Format Version 12.00
# Visual Studio 15
VisualStudioVersion = 15.0.26403.7
MinimumVisualStudioVersion = 10.0.40219.1
Project("{2150E333-8FDC-42A3-9474-1A3956D46DE8}") = "Documents", "Documents", "{E768EE25-8180-4CAA-88F4-B9C8A5E16E66}"
	ProjectSection(SolutionItems) = preProject
		license.txt = license.txt
		Release notes.txt = Release notes.txt
		Roadmap.txt = Roadmap.txt
	EndProjectSection
EndProject
Project("{2150E333-8FDC-42A3-9474-1A3956D46DE8}") = "Solution Items", "Solution Items", "{9795E771-F940-4C4F-AAD8-7638AA405C09}"
	ProjectSection(SolutionItems) = preProject
		Directory.build.props = Directory.build.props
		sharedIntegrationProj.props = sharedIntegrationProj.props
	EndProjectSection
EndProject
Project("{9A19103F-16F7-4668-BE54-9A1E7A4F7556}") = "SecurityHeaders.Owin", "src\SecurityHeaders.Owin\SecurityHeaders.Owin.csproj", "{0E454C45-77BB-43A8-AA6E-8CBCDE21DCA6}"
EndProject
Project("{9A19103F-16F7-4668-BE54-9A1E7A4F7556}") = "SecurityHeaders.AspNetCore.Tests", "src\SecurityHeaders.AspNetCore.Tests\SecurityHeaders.AspNetCore.Tests.csproj", "{A82661B7-987C-48A9-B329-70F531A92568}"
EndProject
Project("{9A19103F-16F7-4668-BE54-9A1E7A4F7556}") = "SecurityHeaders.AspNetCore", "src\SecurityHeaders.AspNetCore\SecurityHeaders.AspNetCore.csproj", "{FB15EE99-EFCD-4022-8418-02356B2C0716}"
EndProject
Project("{9A19103F-16F7-4668-BE54-9A1E7A4F7556}") = "SecurityHeaders.Owin.AppBuilder", "src\SecurityHeaders.Owin.AppBuilder\SecurityHeaders.Owin.AppBuilder.csproj", "{9224C7F0-0204-4AEF-985F-A00CA1AECA48}"
EndProject
Project("{9A19103F-16F7-4668-BE54-9A1E7A4F7556}") = "SecurityHeaders.Owin.Examples", "src\SecurityHeaders.Owin.Examples\SecurityHeaders.Owin.Examples.csproj", "{32E9174C-3325-4518-9CCE-39440F7FBB9A}"
EndProject
Project("{9A19103F-16F7-4668-BE54-9A1E7A4F7556}") = "SecurityHeaders.AspNetCore.Examples", "src\SecurityHeaders.AspNetCore.Examples\SecurityHeaders.AspNetCore.Examples.csproj", "{A6C35FED-4970-4A23-B64B-2627BE9B9ECB}"
EndProject
Project("{9A19103F-16F7-4668-BE54-9A1E7A4F7556}") = "SecurityHeaders.Owin.AppBuilder.Examples", "src\SecurityHeaders.Owin.AppBuilder.Examples\SecurityHeaders.Owin.AppBuilder.Examples.csproj", "{7BCFD866-C316-4047-8C14-42AA15A48943}"
EndProject
Project("{9A19103F-16F7-4668-BE54-9A1E7A4F7556}") = "SecurityHeaders.Owin.Tests", "src\SecurityHeaders.Owin.Tests\SecurityHeaders.Owin.Tests.csproj", "{96CF3BEE-3B6A-4E49-82EB-6C2889AE385D}"
EndProject
Project("{D954291E-2A0B-460D-934E-DC6B0785DB48}") = "SecurityHeaders.Shared", "src\SecurityHeaders.Shared\SecurityHeaders.Shared.shproj", "{58E35357-1FF7-4A9A-AAAD-6CA304922949}"
EndProject
Project("{D954291E-2A0B-460D-934E-DC6B0785DB48}") = "SecurityHeaders.Shared.Tests", "src\SecurityHeaders.Shared.Tests\SecurityHeaders.Shared.Tests.shproj", "{F283275F-EB5F-4FF5-A6EB-7441448E259C}"
EndProject
Global
	GlobalSection(SharedMSBuildProjectFiles) = preSolution
		src\SecurityHeaders.Shared\SecurityHeaders.Shared.projitems*{58e35357-1ff7-4a9a-aaad-6ca304922949}*SharedItemsImports = 13
		src\SecurityHeaders.Shared.Tests\SecurityHeaders.Shared.Tests.projitems*{f283275f-eb5f-4ff5-a6eb-7441448e259c}*SharedItemsImports = 13
	EndGlobalSection
	GlobalSection(SolutionConfigurationPlatforms) = preSolution
		Debug|Any CPU = Debug|Any CPU
		Release|Any CPU = Release|Any CPU
	EndGlobalSection
	GlobalSection(ProjectConfigurationPlatforms) = postSolution
		{0E454C45-77BB-43A8-AA6E-8CBCDE21DCA6}.Debug|Any CPU.ActiveCfg = Debug|Any CPU
		{0E454C45-77BB-43A8-AA6E-8CBCDE21DCA6}.Debug|Any CPU.Build.0 = Debug|Any CPU
		{0E454C45-77BB-43A8-AA6E-8CBCDE21DCA6}.Release|Any CPU.ActiveCfg = Release|Any CPU
		{0E454C45-77BB-43A8-AA6E-8CBCDE21DCA6}.Release|Any CPU.Build.0 = Release|Any CPU
		{A82661B7-987C-48A9-B329-70F531A92568}.Debug|Any CPU.ActiveCfg = Debug|Any CPU
		{A82661B7-987C-48A9-B329-70F531A92568}.Debug|Any CPU.Build.0 = Debug|Any CPU
		{A82661B7-987C-48A9-B329-70F531A92568}.Release|Any CPU.ActiveCfg = Release|Any CPU
		{A82661B7-987C-48A9-B329-70F531A92568}.Release|Any CPU.Build.0 = Release|Any CPU
		{FB15EE99-EFCD-4022-8418-02356B2C0716}.Debug|Any CPU.ActiveCfg = Debug|Any CPU
		{FB15EE99-EFCD-4022-8418-02356B2C0716}.Debug|Any CPU.Build.0 = Debug|Any CPU
		{FB15EE99-EFCD-4022-8418-02356B2C0716}.Release|Any CPU.ActiveCfg = Release|Any CPU
		{FB15EE99-EFCD-4022-8418-02356B2C0716}.Release|Any CPU.Build.0 = Release|Any CPU
		{9224C7F0-0204-4AEF-985F-A00CA1AECA48}.Debug|Any CPU.ActiveCfg = Debug|Any CPU
		{9224C7F0-0204-4AEF-985F-A00CA1AECA48}.Debug|Any CPU.Build.0 = Debug|Any CPU
		{9224C7F0-0204-4AEF-985F-A00CA1AECA48}.Release|Any CPU.ActiveCfg = Release|Any CPU
		{9224C7F0-0204-4AEF-985F-A00CA1AECA48}.Release|Any CPU.Build.0 = Release|Any CPU
		{32E9174C-3325-4518-9CCE-39440F7FBB9A}.Debug|Any CPU.ActiveCfg = Debug|Any CPU
		{32E9174C-3325-4518-9CCE-39440F7FBB9A}.Debug|Any CPU.Build.0 = Debug|Any CPU
		{32E9174C-3325-4518-9CCE-39440F7FBB9A}.Release|Any CPU.ActiveCfg = Release|Any CPU
		{32E9174C-3325-4518-9CCE-39440F7FBB9A}.Release|Any CPU.Build.0 = Release|Any CPU
		{A6C35FED-4970-4A23-B64B-2627BE9B9ECB}.Debug|Any CPU.ActiveCfg = Debug|Any CPU
		{A6C35FED-4970-4A23-B64B-2627BE9B9ECB}.Debug|Any CPU.Build.0 = Debug|Any CPU
		{A6C35FED-4970-4A23-B64B-2627BE9B9ECB}.Release|Any CPU.ActiveCfg = Release|Any CPU
		{A6C35FED-4970-4A23-B64B-2627BE9B9ECB}.Release|Any CPU.Build.0 = Release|Any CPU
		{7BCFD866-C316-4047-8C14-42AA15A48943}.Debug|Any CPU.ActiveCfg = Debug|Any CPU
		{7BCFD866-C316-4047-8C14-42AA15A48943}.Debug|Any CPU.Build.0 = Debug|Any CPU
		{7BCFD866-C316-4047-8C14-42AA15A48943}.Release|Any CPU.ActiveCfg = Release|Any CPU
		{7BCFD866-C316-4047-8C14-42AA15A48943}.Release|Any CPU.Build.0 = Release|Any CPU
		{96CF3BEE-3B6A-4E49-82EB-6C2889AE385D}.Debug|Any CPU.ActiveCfg = Debug|Any CPU
		{96CF3BEE-3B6A-4E49-82EB-6C2889AE385D}.Debug|Any CPU.Build.0 = Debug|Any CPU
		{96CF3BEE-3B6A-4E49-82EB-6C2889AE385D}.Release|Any CPU.ActiveCfg = Release|Any CPU
		{96CF3BEE-3B6A-4E49-82EB-6C2889AE385D}.Release|Any CPU.Build.0 = Release|Any CPU
	EndGlobalSection
	GlobalSection(SolutionProperties) = preSolution
		HideSolutionNode = FALSE
	EndGlobalSection
EndGlobal
