
Microsoft Visual Studio Solution File, Format Version 12.00
# Visual Studio 2013
VisualStudioVersion = 12.0.31101.0
MinimumVisualStudioVersion = 10.0.40219.1
Project("{2150E333-8FDC-42A3-9474-1A3956D46DE8}") = "Documents", "Documents", "{E768EE25-8180-4CAA-88F4-B9C8A5E16E66}"
	ProjectSection(SolutionItems) = preProject
		Release notes.txt = Release notes.txt
		Roadmap.txt = Roadmap.txt
	EndProjectSection
EndProject
Project("{FAE04EC0-301F-11D3-BF4B-00C04F79EFBC}") = "SecurityHeadersMiddleware", "OwinContrib.SecurityHeaders\SecurityHeadersMiddleware.csproj", "{53953109-6B63-4A49-BDA3-EB78E1506FA9}"
EndProject
Project("{FAE04EC0-301F-11D3-BF4B-00C04F79EFBC}") = "SecurityHeadersMiddleware.Tests", "OwinContrib.SecurityHeaders.Tests\SecurityHeadersMiddleware.Tests.csproj", "{753D4EEA-13E5-429B-93AC-4A7E7A1FACD3}"
EndProject
Project("{FAE04EC0-301F-11D3-BF4B-00C04F79EFBC}") = "SecurityHeadersMiddleware.OwinAppBuilder", "SecurityHeadersMiddleware.OwinAppBuilder\SecurityHeadersMiddleware.OwinAppBuilder.csproj", "{D3381FFC-FFA0-478D-9708-199E2F9789F5}"
EndProject
Project("{2150E333-8FDC-42A3-9474-1A3956D46DE8}") = "Solution Items", "Solution Items", "{9795E771-F940-4C4F-AAD8-7638AA405C09}"
	ProjectSection(SolutionItems) = preProject
		SharedAssemblyInfo.cs = SharedAssemblyInfo.cs
	EndProjectSection
EndProject
Project("{FAE04EC0-301F-11D3-BF4B-00C04F79EFBC}") = "SecurityHeadersMiddleware.Examples", "SecurityHeadersMiddleware.Examples\SecurityHeadersMiddleware.Examples.csproj", "{75703E81-F232-4F6B-ACCA-7D39F9B44ABF}"
EndProject
Project("{2150E333-8FDC-42A3-9474-1A3956D46DE8}") = ".nuget", ".nuget", "{707156A5-7AE4-461D-9764-48B4B7700F49}"
EndProject
Global
	GlobalSection(SolutionConfigurationPlatforms) = preSolution
		Debug|Any CPU = Debug|Any CPU
		Release|Any CPU = Release|Any CPU
	EndGlobalSection
	GlobalSection(ProjectConfigurationPlatforms) = postSolution
		{53953109-6B63-4A49-BDA3-EB78E1506FA9}.Debug|Any CPU.ActiveCfg = Debug|Any CPU
		{53953109-6B63-4A49-BDA3-EB78E1506FA9}.Debug|Any CPU.Build.0 = Debug|Any CPU
		{53953109-6B63-4A49-BDA3-EB78E1506FA9}.Release|Any CPU.ActiveCfg = Release|Any CPU
		{53953109-6B63-4A49-BDA3-EB78E1506FA9}.Release|Any CPU.Build.0 = Release|Any CPU
		{753D4EEA-13E5-429B-93AC-4A7E7A1FACD3}.Debug|Any CPU.ActiveCfg = Debug|Any CPU
		{753D4EEA-13E5-429B-93AC-4A7E7A1FACD3}.Debug|Any CPU.Build.0 = Debug|Any CPU
		{753D4EEA-13E5-429B-93AC-4A7E7A1FACD3}.Release|Any CPU.ActiveCfg = Release|Any CPU
		{753D4EEA-13E5-429B-93AC-4A7E7A1FACD3}.Release|Any CPU.Build.0 = Release|Any CPU
		{D3381FFC-FFA0-478D-9708-199E2F9789F5}.Debug|Any CPU.ActiveCfg = Debug|Any CPU
		{D3381FFC-FFA0-478D-9708-199E2F9789F5}.Debug|Any CPU.Build.0 = Debug|Any CPU
		{D3381FFC-FFA0-478D-9708-199E2F9789F5}.Release|Any CPU.ActiveCfg = Release|Any CPU
		{D3381FFC-FFA0-478D-9708-199E2F9789F5}.Release|Any CPU.Build.0 = Release|Any CPU
		{75703E81-F232-4F6B-ACCA-7D39F9B44ABF}.Debug|Any CPU.ActiveCfg = Debug|Any CPU
		{75703E81-F232-4F6B-ACCA-7D39F9B44ABF}.Debug|Any CPU.Build.0 = Debug|Any CPU
		{75703E81-F232-4F6B-ACCA-7D39F9B44ABF}.Release|Any CPU.ActiveCfg = Release|Any CPU
		{75703E81-F232-4F6B-ACCA-7D39F9B44ABF}.Release|Any CPU.Build.0 = Release|Any CPU
	EndGlobalSection
	GlobalSection(SolutionProperties) = preSolution
		HideSolutionNode = FALSE
	EndGlobalSection
EndGlobal
